
Microsoft Visual Studio Solution File, Format Version 12.00
# Visual Studio Version 17
VisualStudioVersion = 17.7.34221.43
MinimumVisualStudioVersion = 10.0.40219.1
Project("{FAE04EC0-301F-11D3-BF4B-00C04F79EFBC}") = "Wunderlust.UWP", "Wunderlust\Wunderlust.UWP\Wunderlust.UWP.csproj", "{FAB63922-B3C5-40D4-A244-6C7B822A3BC8}"
EndProject
Project("{FAE04EC0-301F-11D3-BF4B-00C04F79EFBC}") = "Wunderlust.Android", "Wunderlust\Wunderlust.Android\Wunderlust.Android.csproj", "{E9766497-8666-4FD6-83AA-4DB33BB97321}"
EndProject
Project("{FAE04EC0-301F-11D3-BF4B-00C04F79EFBC}") = "Wunderlust.iOS", "Wunderlust\Wunderlust.iOS\Wunderlust.iOS.csproj", "{13F7CDD2-622C-4399-BE13-5D3A7502B2D7}"
EndProject
Project("{FAE04EC0-301F-11D3-BF4B-00C04F79EFBC}") = "Wunderlust", "Wunderlust\Wunderlust\Wunderlust.csproj", "{6D669158-9953-406F-AD62-F5B4F9281114}"
EndProject
Global
	GlobalSection(SolutionConfigurationPlatforms) = preSolution
		Debug|Any CPU = Debug|Any CPU
		Debug|ARM = Debug|ARM
		Debug|iPhone = Debug|iPhone
		Debug|iPhoneSimulator = Debug|iPhoneSimulator
		Debug|x64 = Debug|x64
		Debug|x86 = Debug|x86
		Release|Any CPU = Release|Any CPU
		Release|ARM = Release|ARM
		Release|iPhone = Release|iPhone
		Release|iPhoneSimulator = Release|iPhoneSimulator
		Release|x64 = Release|x64
		Release|x86 = Release|x86
	EndGlobalSection
	GlobalSection(ProjectConfigurationPlatforms) = postSolution
		{FAB63922-B3C5-40D4-A244-6C7B822A3BC8}.Debug|Any CPU.ActiveCfg = Debug|x64
		{FAB63922-B3C5-40D4-A244-6C7B822A3BC8}.Debug|Any CPU.Build.0 = Debug|x64
		{FAB63922-B3C5-40D4-A244-6C7B822A3BC8}.Debug|Any CPU.Deploy.0 = Debug|x64
		{FAB63922-B3C5-40D4-A244-6C7B822A3BC8}.Debug|ARM.ActiveCfg = Debug|ARM
		{FAB63922-B3C5-40D4-A244-6C7B822A3BC8}.Debug|ARM.Build.0 = Debug|ARM
		{FAB63922-B3C5-40D4-A244-6C7B822A3BC8}.Debug|ARM.Deploy.0 = Debug|ARM
		{FAB63922-B3C5-40D4-A244-6C7B822A3BC8}.Debug|iPhone.ActiveCfg = Debug|x64
		{FAB63922-B3C5-40D4-A244-6C7B822A3BC8}.Debug|iPhone.Build.0 = Debug|x64
		{FAB63922-B3C5-40D4-A244-6C7B822A3BC8}.Debug|iPhone.Deploy.0 = Debug|x64
		{FAB63922-B3C5-40D4-A244-6C7B822A3BC8}.Debug|iPhoneSimulator.ActiveCfg = Debug|x64
		{FAB63922-B3C5-40D4-A244-6C7B822A3BC8}.Debug|iPhoneSimulator.Build.0 = Debug|x64
		{FAB63922-B3C5-40D4-A244-6C7B822A3BC8}.Debug|iPhoneSimulator.Deploy.0 = Debug|x64
		{FAB63922-B3C5-40D4-A244-6C7B822A3BC8}.Debug|x64.ActiveCfg = Debug|x64
		{FAB63922-B3C5-40D4-A244-6C7B822A3BC8}.Debug|x64.Build.0 = Debug|x64
		{FAB63922-B3C5-40D4-A244-6C7B822A3BC8}.Debug|x64.Deploy.0 = Debug|x64
		{FAB63922-B3C5-40D4-A244-6C7B822A3BC8}.Debug|x86.ActiveCfg = Debug|x86
		{FAB63922-B3C5-40D4-A244-6C7B822A3BC8}.Debug|x86.Build.0 = Debug|x86
		{FAB63922-B3C5-40D4-A244-6C7B822A3BC8}.Debug|x86.Deploy.0 = Debug|x86
		{FAB63922-B3C5-40D4-A244-6C7B822A3BC8}.Release|Any CPU.ActiveCfg = Release|x64
		{FAB63922-B3C5-40D4-A244-6C7B822A3BC8}.Release|Any CPU.Build.0 = Release|x64
		{FAB63922-B3C5-40D4-A244-6C7B822A3BC8}.Release|Any CPU.Deploy.0 = Release|x64
		{FAB63922-B3C5-40D4-A244-6C7B822A3BC8}.Release|ARM.ActiveCfg = Release|ARM
		{FAB63922-B3C5-40D4-A244-6C7B822A3BC8}.Release|ARM.Build.0 = Release|ARM
		{FAB63922-B3C5-40D4-A244-6C7B822A3BC8}.Release|ARM.Deploy.0 = Release|ARM
		{FAB63922-B3C5-40D4-A244-6C7B822A3BC8}.Release|iPhone.ActiveCfg = Release|x64
		{FAB63922-B3C5-40D4-A244-6C7B822A3BC8}.Release|iPhone.Build.0 = Release|x64
		{FAB63922-B3C5-40D4-A244-6C7B822A3BC8}.Release|iPhone.Deploy.0 = Release|x64
		{FAB63922-B3C5-40D4-A244-6C7B822A3BC8}.Release|iPhoneSimulator.ActiveCfg = Release|x64
		{FAB63922-B3C5-40D4-A244-6C7B822A3BC8}.Release|iPhoneSimulator.Build.0 = Release|x64
		{FAB63922-B3C5-40D4-A244-6C7B822A3BC8}.Release|iPhoneSimulator.Deploy.0 = Release|x64
		{FAB63922-B3C5-40D4-A244-6C7B822A3BC8}.Release|x64.ActiveCfg = Release|x64
		{FAB63922-B3C5-40D4-A244-6C7B822A3BC8}.Release|x64.Build.0 = Release|x64
		{FAB63922-B3C5-40D4-A244-6C7B822A3BC8}.Release|x64.Deploy.0 = Release|x64
		{FAB63922-B3C5-40D4-A244-6C7B822A3BC8}.Release|x86.ActiveCfg = Release|x86
		{FAB63922-B3C5-40D4-A244-6C7B822A3BC8}.Release|x86.Build.0 = Release|x86
		{FAB63922-B3C5-40D4-A244-6C7B822A3BC8}.Release|x86.Deploy.0 = Release|x86
		{E9766497-8666-4FD6-83AA-4DB33BB97321}.Debug|Any CPU.ActiveCfg = Debug|Any CPU
		{E9766497-8666-4FD6-83AA-4DB33BB97321}.Debug|Any CPU.Build.0 = Debug|Any CPU
		{E9766497-8666-4FD6-83AA-4DB33BB97321}.Debug|Any CPU.Deploy.0 = Debug|Any CPU
		{E9766497-8666-4FD6-83AA-4DB33BB97321}.Debug|ARM.ActiveCfg = Debug|Any CPU
		{E9766497-8666-4FD6-83AA-4DB33BB97321}.Debug|ARM.Build.0 = Debug|Any CPU
		{E9766497-8666-4FD6-83AA-4DB33BB97321}.Debug|ARM.Deploy.0 = Debug|Any CPU
		{E9766497-8666-4FD6-83AA-4DB33BB97321}.Debug|iPhone.ActiveCfg = Debug|Any CPU
		{E9766497-8666-4FD6-83AA-4DB33BB97321}.Debug|iPhone.Build.0 = Debug|Any CPU
		{E9766497-8666-4FD6-83AA-4DB33BB97321}.Debug|iPhone.Deploy.0 = Debug|Any CPU
		{E9766497-8666-4FD6-83AA-4DB33BB97321}.Debug|iPhoneSimulator.ActiveCfg = Debug|Any CPU
		{E9766497-8666-4FD6-83AA-4DB33BB97321}.Debug|iPhoneSimulator.Build.0 = Debug|Any CPU
		{E9766497-8666-4FD6-83AA-4DB33BB97321}.Debug|iPhoneSimulator.Deploy.0 = Debug|Any CPU
		{E9766497-8666-4FD6-83AA-4DB33BB97321}.Debug|x64.ActiveCfg = Debug|Any CPU
		{E9766497-8666-4FD6-83AA-4DB33BB97321}.Debug|x64.Build.0 = Debug|Any CPU
		{E9766497-8666-4FD6-83AA-4DB33BB97321}.Debug|x64.Deploy.0 = Debug|Any CPU
		{E9766497-8666-4FD6-83AA-4DB33BB97321}.Debug|x86.ActiveCfg = Debug|Any CPU
		{E9766497-8666-4FD6-83AA-4DB33BB97321}.Debug|x86.Build.0 = Debug|Any CPU
		{E9766497-8666-4FD6-83AA-4DB33BB97321}.Debug|x86.Deploy.0 = Debug|Any CPU
		{E9766497-8666-4FD6-83AA-4DB33BB97321}.Release|Any CPU.ActiveCfg = Release|Any CPU
		{E9766497-8666-4FD6-83AA-4DB33BB97321}.Release|Any CPU.Build.0 = Release|Any CPU
		{E9766497-8666-4FD6-83AA-4DB33BB97321}.Release|Any CPU.Deploy.0 = Release|Any CPU
		{E9766497-8666-4FD6-83AA-4DB33BB97321}.Release|ARM.ActiveCfg = Release|Any CPU
		{E9766497-8666-4FD6-83AA-4DB33BB97321}.Release|ARM.Build.0 = Release|Any CPU
		{E9766497-8666-4FD6-83AA-4DB33BB97321}.Release|ARM.Deploy.0 = Release|Any CPU
		{E9766497-8666-4FD6-83AA-4DB33BB97321}.Release|iPhone.ActiveCfg = Release|Any CPU
		{E9766497-8666-4FD6-83AA-4DB33BB97321}.Release|iPhone.Build.0 = Release|Any CPU
		{E9766497-8666-4FD6-83AA-4DB33BB97321}.Release|iPhone.Deploy.0 = Release|Any CPU
		{E9766497-8666-4FD6-83AA-4DB33BB97321}.Release|iPhoneSimulator.ActiveCfg = Release|Any CPU
		{E9766497-8666-4FD6-83AA-4DB33BB97321}.Release|iPhoneSimulator.Build.0 = Release|Any CPU
		{E9766497-8666-4FD6-83AA-4DB33BB97321}.Release|iPhoneSimulator.Deploy.0 = Release|Any CPU
		{E9766497-8666-4FD6-83AA-4DB33BB97321}.Release|x64.ActiveCfg = Release|Any CPU
		{E9766497-8666-4FD6-83AA-4DB33BB97321}.Release|x64.Build.0 = Release|Any CPU
		{E9766497-8666-4FD6-83AA-4DB33BB97321}.Release|x64.Deploy.0 = Release|Any CPU
		{E9766497-8666-4FD6-83AA-4DB33BB97321}.Release|x86.ActiveCfg = Release|Any CPU
		{E9766497-8666-4FD6-83AA-4DB33BB97321}.Release|x86.Build.0 = Release|Any CPU
		{E9766497-8666-4FD6-83AA-4DB33BB97321}.Release|x86.Deploy.0 = Release|Any CPU
		{13F7CDD2-622C-4399-BE13-5D3A7502B2D7}.Debug|Any CPU.ActiveCfg = Debug|iPhoneSimulator
		{13F7CDD2-622C-4399-BE13-5D3A7502B2D7}.Debug|Any CPU.Build.0 = Debug|iPhoneSimulator
		{13F7CDD2-622C-4399-BE13-5D3A7502B2D7}.Debug|Any CPU.Deploy.0 = Debug|iPhoneSimulator
		{13F7CDD2-622C-4399-BE13-5D3A7502B2D7}.Debug|ARM.ActiveCfg = Debug|iPhoneSimulator
		{13F7CDD2-622C-4399-BE13-5D3A7502B2D7}.Debug|ARM.Build.0 = Debug|iPhoneSimulator
		{13F7CDD2-622C-4399-BE13-5D3A7502B2D7}.Debug|ARM.Deploy.0 = Debug|iPhoneSimulator
		{13F7CDD2-622C-4399-BE13-5D3A7502B2D7}.Debug|iPhone.ActiveCfg = Debug|iPhone
		{13F7CDD2-622C-4399-BE13-5D3A7502B2D7}.Debug|iPhone.Build.0 = Debug|iPhone
		{13F7CDD2-622C-4399-BE13-5D3A7502B2D7}.Debug|iPhone.Deploy.0 = Debug|iPhone
		{13F7CDD2-622C-4399-BE13-5D3A7502B2D7}.Debug|iPhoneSimulator.ActiveCfg = Debug|iPhoneSimulator
		{13F7CDD2-622C-4399-BE13-5D3A7502B2D7}.Debug|iPhoneSimulator.Build.0 = Debug|iPhoneSimulator
		{13F7CDD2-622C-4399-BE13-5D3A7502B2D7}.Debug|iPhoneSimulator.Deploy.0 = Debug|iPhoneSimulator
		{13F7CDD2-622C-4399-BE13-5D3A7502B2D7}.Debug|x64.ActiveCfg = Debug|iPhone
		{13F7CDD2-622C-4399-BE13-5D3A7502B2D7}.Debug|x64.Build.0 = Debug|iPhone
		{13F7CDD2-622C-4399-BE13-5D3A7502B2D7}.Debug|x64.Deploy.0 = Debug|iPhone
		{13F7CDD2-622C-4399-BE13-5D3A7502B2D7}.Debug|x86.ActiveCfg = Debug|iPhoneSimulator
		{13F7CDD2-622C-4399-BE13-5D3A7502B2D7}.Debug|x86.Build.0 = Debug|iPhoneSimulator
		{13F7CDD2-622C-4399-BE13-5D3A7502B2D7}.Debug|x86.Deploy.0 = Debug|iPhoneSimulator
		{13F7CDD2-622C-4399-BE13-5D3A7502B2D7}.Release|Any CPU.ActiveCfg = Release|iPhoneSimulator
		{13F7CDD2-622C-4399-BE13-5D3A7502B2D7}.Release|Any CPU.Build.0 = Release|iPhoneSimulator
		{13F7CDD2-622C-4399-BE13-5D3A7502B2D7}.Release|Any CPU.Deploy.0 = Release|iPhoneSimulator
		{13F7CDD2-622C-4399-BE13-5D3A7502B2D7}.Release|ARM.ActiveCfg = Release|iPhoneSimulator
		{13F7CDD2-622C-4399-BE13-5D3A7502B2D7}.Release|ARM.Build.0 = Release|iPhoneSimulator
		{13F7CDD2-622C-4399-BE13-5D3A7502B2D7}.Release|ARM.Deploy.0 = Release|iPhoneSimulator
		{13F7CDD2-622C-4399-BE13-5D3A7502B2D7}.Release|iPhone.ActiveCfg = Release|iPhone
		{13F7CDD2-622C-4399-BE13-5D3A7502B2D7}.Release|iPhone.Build.0 = Release|iPhone
		{13F7CDD2-622C-4399-BE13-5D3A7502B2D7}.Release|iPhone.Deploy.0 = Release|iPhone
		{13F7CDD2-622C-4399-BE13-5D3A7502B2D7}.Release|iPhoneSimulator.ActiveCfg = Release|iPhoneSimulator
		{13F7CDD2-622C-4399-BE13-5D3A7502B2D7}.Release|iPhoneSimulator.Build.0 = Release|iPhoneSimulator
		{13F7CDD2-622C-4399-BE13-5D3A7502B2D7}.Release|iPhoneSimulator.Deploy.0 = Release|iPhoneSimulator
		{13F7CDD2-622C-4399-BE13-5D3A7502B2D7}.Release|x64.ActiveCfg = Release|iPhoneSimulator
		{13F7CDD2-622C-4399-BE13-5D3A7502B2D7}.Release|x64.Build.0 = Release|iPhoneSimulator
		{13F7CDD2-622C-4399-BE13-5D3A7502B2D7}.Release|x64.Deploy.0 = Release|iPhoneSimulator
		{13F7CDD2-622C-4399-BE13-5D3A7502B2D7}.Release|x86.ActiveCfg = Release|iPhoneSimulator
		{13F7CDD2-622C-4399-BE13-5D3A7502B2D7}.Release|x86.Build.0 = Release|iPhoneSimulator
		{13F7CDD2-622C-4399-BE13-5D3A7502B2D7}.Release|x86.Deploy.0 = Release|iPhoneSimulator
		{6D669158-9953-406F-AD62-F5B4F9281114}.Debug|Any CPU.ActiveCfg = Debug|Any CPU
		{6D669158-9953-406F-AD62-F5B4F9281114}.Debug|Any CPU.Build.0 = Debug|Any CPU
		{6D669158-9953-406F-AD62-F5B4F9281114}.Debug|Any CPU.Deploy.0 = Debug|Any CPU
		{6D669158-9953-406F-AD62-F5B4F9281114}.Debug|ARM.ActiveCfg = Debug|Any CPU
		{6D669158-9953-406F-AD62-F5B4F9281114}.Debug|ARM.Build.0 = Debug|Any CPU
		{6D669158-9953-406F-AD62-F5B4F9281114}.Debug|ARM.Deploy.0 = Debug|Any CPU
		{6D669158-9953-406F-AD62-F5B4F9281114}.Debug|iPhone.ActiveCfg = Debug|Any CPU
		{6D669158-9953-406F-AD62-F5B4F9281114}.Debug|iPhone.Build.0 = Debug|Any CPU
		{6D669158-9953-406F-AD62-F5B4F9281114}.Debug|iPhone.Deploy.0 = Debug|Any CPU
		{6D669158-9953-406F-AD62-F5B4F9281114}.Debug|iPhoneSimulator.ActiveCfg = Debug|Any CPU
		{6D669158-9953-406F-AD62-F5B4F9281114}.Debug|iPhoneSimulator.Build.0 = Debug|Any CPU
		{6D669158-9953-406F-AD62-F5B4F9281114}.Debug|iPhoneSimulator.Deploy.0 = Debug|Any CPU
		{6D669158-9953-406F-AD62-F5B4F9281114}.Debug|x64.ActiveCfg = Debug|Any CPU
		{6D669158-9953-406F-AD62-F5B4F9281114}.Debug|x64.Build.0 = Debug|Any CPU
		{6D669158-9953-406F-AD62-F5B4F9281114}.Debug|x64.Deploy.0 = Debug|Any CPU
		{6D669158-9953-406F-AD62-F5B4F9281114}.Debug|x86.ActiveCfg = Debug|Any CPU
		{6D669158-9953-406F-AD62-F5B4F9281114}.Debug|x86.Build.0 = Debug|Any CPU
		{6D669158-9953-406F-AD62-F5B4F9281114}.Debug|x86.Deploy.0 = Debug|Any CPU
		{6D669158-9953-406F-AD62-F5B4F9281114}.Release|Any CPU.ActiveCfg = Release|Any CPU
		{6D669158-9953-406F-AD62-F5B4F9281114}.Release|Any CPU.Build.0 = Release|Any CPU
		{6D669158-9953-406F-AD62-F5B4F9281114}.Release|Any CPU.Deploy.0 = Release|Any CPU
		{6D669158-9953-406F-AD62-F5B4F9281114}.Release|ARM.ActiveCfg = Release|Any CPU
		{6D669158-9953-406F-AD62-F5B4F9281114}.Release|ARM.Build.0 = Release|Any CPU
		{6D669158-9953-406F-AD62-F5B4F9281114}.Release|ARM.Deploy.0 = Release|Any CPU
		{6D669158-9953-406F-AD62-F5B4F9281114}.Release|iPhone.ActiveCfg = Release|Any CPU
		{6D669158-9953-406F-AD62-F5B4F9281114}.Release|iPhone.Build.0 = Release|Any CPU
		{6D669158-9953-406F-AD62-F5B4F9281114}.Release|iPhone.Deploy.0 = Release|Any CPU
		{6D669158-9953-406F-AD62-F5B4F9281114}.Release|iPhoneSimulator.ActiveCfg = Release|Any CPU
		{6D669158-9953-406F-AD62-F5B4F9281114}.Release|iPhoneSimulator.Build.0 = Release|Any CPU
		{6D669158-9953-406F-AD62-F5B4F9281114}.Release|iPhoneSimulator.Deploy.0 = Release|Any CPU
		{6D669158-9953-406F-AD62-F5B4F9281114}.Release|x64.ActiveCfg = Release|Any CPU
		{6D669158-9953-406F-AD62-F5B4F9281114}.Release|x64.Build.0 = Release|Any CPU
		{6D669158-9953-406F-AD62-F5B4F9281114}.Release|x64.Deploy.0 = Release|Any CPU
		{6D669158-9953-406F-AD62-F5B4F9281114}.Release|x86.ActiveCfg = Release|Any CPU
		{6D669158-9953-406F-AD62-F5B4F9281114}.Release|x86.Build.0 = Release|Any CPU
		{6D669158-9953-406F-AD62-F5B4F9281114}.Release|x86.Deploy.0 = Release|Any CPU
	EndGlobalSection
	GlobalSection(SolutionProperties) = preSolution
		HideSolutionNode = FALSE
	EndGlobalSection
	GlobalSection(ExtensibilityGlobals) = postSolution
		SolutionGuid = {2D391674-7DD5-4CF2-A40B-A3B754F901BC}
	EndGlobalSection
EndGlobal
